{
  "name": "json-rules-engine-examples",
  "version": "1.0.0",
  "lockfileVersion": 3,
  "requires": true,
  "packages": {
    "": {
      "name": "json-rules-engine-examples",
      "version": "1.0.0",
      "license": "ISC",
      "dependencies": {
        "@truong8864/json-rules-engine": "../"
      }
    },
    "..": {
      "name": "@truong8864/json-rules-engine",
      "version": "7.3.5",
      "license": "ISC",
      "dependencies": {
        "clone": "^2.1.2",
        "core-js": "^3.41.0",
        "eventemitter2": "^6.4.4",
        "hash-it": "^6.0.0",
        "jsonpath-plus": "^10.3.0",
        "regenerator-runtime": "^0.14.1"
      },
      "devDependencies": {
        "@babel/cli": "^7.27.0",
        "@babel/core": "^7.26.10",
        "@babel/eslint-parser": "^7.27.0",
        "@babel/preset-env": "^7.26.9",
        "@babel/register": "^7.25.9",
        "babel-loader": "^10.0.0",
        "chai": "^4.3.4",
        "chai-as-promised": "^7.1.1",
        "colors": "~1.4.0",
        "dirty-chai": "2.0.1",
        "lodash": "4.17.21",
        "mocha": "^8.4.0",
        "perfy": "^1.1.5",
        "sinon": "^11.1.1",
        "sinon-chai": "^3.7.0",
        "snazzy": "^9.0.0",
        "standard": "^16.0.3",
        "tsd": "^0.17.0"
      },
      "engines": {
        "node": ">=18.0.0"
      }
    },
    "node_modules/@truong8864/json-rules-engine": {
      "resolved": "..",
      "link": true
    }
  }
}
